
Microsoft Visual Studio Solution File, Format Version 12.00
# Visual Studio Version 16
VisualStudioVersion = 16.0.28407.52
MinimumVisualStudioVersion = 10.0.40219.1
Project("{8BC9CEB8-8B4A-11D0-8D11-00A0C91BC942}") = "optimizer", "optimizer\optimizer.vcxproj", "{2355553D-AFBF-47FE-8E3E-9EE3F0A7E692}"
EndProject
Global
	GlobalSection(SolutionConfigurationPlatforms) = preSolution
		Debug|x64 = Debug|x64
		Debug|x86 = Debug|x86
		Release|x64 = Release|x64
		Release|x86 = Release|x86
	EndGlobalSection
	GlobalSection(ProjectConfigurationPlatforms) = postSolution
		{2355553D-AFBF-47FE-8E3E-9EE3F0A7E692}.Debug|x64.ActiveCfg = Debug|x64
		{2355553D-AFBF-47FE-8E3E-9EE3F0A7E692}.Debug|x64.Build.0 = Debug|x64
		{2355553D-AFBF-47FE-8E3E-9EE3F0A7E692}.Debug|x86.ActiveCfg = Debug|Win32
		{2355553D-AFBF-47FE-8E3E-9EE3F0A7E692}.Debug|x86.Build.0 = Debug|Win32
		{2355553D-AFBF-47FE-8E3E-9EE3F0A7E692}.Release|x64.ActiveCfg = Release|x64
		{2355553D-AFBF-47FE-8E3E-9EE3F0A7E692}.Release|x64.Build.0 = Release|x64
		{2355553D-AFBF-47FE-8E3E-9EE3F0A7E692}.Release|x86.ActiveCfg = Release|Win32
		{2355553D-AFBF-47FE-8E3E-9EE3F0A7E692}.Release|x86.Build.0 = Release|Win32
	EndGlobalSection
	GlobalSection(SolutionProperties) = preSolution
		HideSolutionNode = FALSE
	EndGlobalSection
	GlobalSection(ExtensibilityGlobals) = postSolution
		SolutionGuid = {0A587775-6D60-474C-8A2E-959AD476A9B9}
	EndGlobalSection
EndGlobal
